
Microsoft Visual Studio Solution File, Format Version 12.00
# Visual Studio Version 17
VisualStudioVersion = 17.10.35122.118
MinimumVisualStudioVersion = 10.0.40219.1
Project("{FAE04EC0-301F-11D3-BF4B-00C04F79EFBC}") = "GD12_1133_Lab1_Yathipathi_Sreeja", "GD12_1133_Lab1_Yathipathi_Sreeja\GD12_1133_Lab1_Yathipathi_Sreeja.csproj", "{37AC64C9-ACD0-4355-9637-28DAB6D0FA93}"
EndProject
Global
	GlobalSection(SolutionConfigurationPlatforms) = preSolution
		Debug|Any CPU = Debug|Any CPU
		Release|Any CPU = Release|Any CPU
	EndGlobalSection
	GlobalSection(ProjectConfigurationPlatforms) = postSolution
		{37AC64C9-ACD0-4355-9637-28DAB6D0FA93}.Debug|Any CPU.ActiveCfg = Debug|Any CPU
		{37AC64C9-ACD0-4355-9637-28DAB6D0FA93}.Debug|Any CPU.Build.0 = Debug|Any CPU
		{37AC64C9-ACD0-4355-9637-28DAB6D0FA93}.Release|Any CPU.ActiveCfg = Release|Any CPU
		{37AC64C9-ACD0-4355-9637-28DAB6D0FA93}.Release|Any CPU.Build.0 = Release|Any CPU
	EndGlobalSection
	GlobalSection(SolutionProperties) = preSolution
		HideSolutionNode = FALSE
	EndGlobalSection
	GlobalSection(ExtensibilityGlobals) = postSolution
		SolutionGuid = {9E5D40FA-C0B5-4200-BE22-1DA5D35C02AD}
	EndGlobalSection
EndGlobal
